
Microsoft Visual Studio Solution File, Format Version 11.00
# Visual Studio 2010
Project("{FAE04EC0-301F-11D3-BF4B-00C04F79EFBC}") = "processing_to_unity_test", "Assembly-CSharp-firstpass.csproj", "{46229A61-FDDB-F8B6-8103-0DBD2FE3784D}"
EndProject
Project("{FAE04EC0-301F-11D3-BF4B-00C04F79EFBC}") = "processing_to_unity_test", "Assembly-CSharp.csproj", "{AB70796A-757F-A8B5-1D56-0698F8B6012C}"
EndProject
Project("{FAE04EC0-301F-11D3-BF4B-00C04F79EFBC}") = "processing_to_unity_test", "Assembly-CSharp-Editor-firstpass.csproj", "{3E5BE127-BACF-1C41-5CB3-E083D0F08713}"
EndProject
Global
	GlobalSection(SolutionConfigurationPlatforms) = preSolution
		Debug|Any CPU = Debug|Any CPU
		Release|Any CPU = Release|Any CPU
	EndGlobalSection
	GlobalSection(ProjectConfigurationPlatforms) = postSolution
		{46229A61-FDDB-F8B6-8103-0DBD2FE3784D}.Debug|Any CPU.ActiveCfg = Debug|Any CPU
		{46229A61-FDDB-F8B6-8103-0DBD2FE3784D}.Debug|Any CPU.Build.0 = Debug|Any CPU
		{46229A61-FDDB-F8B6-8103-0DBD2FE3784D}.Release|Any CPU.ActiveCfg = Release|Any CPU
		{46229A61-FDDB-F8B6-8103-0DBD2FE3784D}.Release|Any CPU.Build.0 = Release|Any CPU
		{AB70796A-757F-A8B5-1D56-0698F8B6012C}.Debug|Any CPU.ActiveCfg = Debug|Any CPU
		{AB70796A-757F-A8B5-1D56-0698F8B6012C}.Debug|Any CPU.Build.0 = Debug|Any CPU
		{AB70796A-757F-A8B5-1D56-0698F8B6012C}.Release|Any CPU.ActiveCfg = Release|Any CPU
		{AB70796A-757F-A8B5-1D56-0698F8B6012C}.Release|Any CPU.Build.0 = Release|Any CPU
		{3E5BE127-BACF-1C41-5CB3-E083D0F08713}.Debug|Any CPU.ActiveCfg = Debug|Any CPU
		{3E5BE127-BACF-1C41-5CB3-E083D0F08713}.Debug|Any CPU.Build.0 = Debug|Any CPU
		{3E5BE127-BACF-1C41-5CB3-E083D0F08713}.Release|Any CPU.ActiveCfg = Release|Any CPU
		{3E5BE127-BACF-1C41-5CB3-E083D0F08713}.Release|Any CPU.Build.0 = Release|Any CPU
	EndGlobalSection
	GlobalSection(SolutionProperties) = preSolution
		HideSolutionNode = FALSE
	EndGlobalSection
	GlobalSection(MonoDevelopProperties) = preSolution
		StartupItem = Assembly-CSharp.csproj
	EndGlobalSection
EndGlobal
